// !$*UTF8*$!
{
	archiveVersion = 1;
	classes = {
	};
	objectVersion = 50;
	objects = {

/* Begin PBXBuildFile section */
		DEAD1EE7258279FF00C851D6 /* AppDelegate.swift in Sources */ = {isa = PBXBuildFile; fileRef = DEAD1EE6258279FF00C851D6 /* AppDelegate.swift */; };
		DEAD1EE9258279FF00C851D6 /* SceneDelegate.swift in Sources */ = {isa = PBXBuildFile; fileRef = DEAD1EE8258279FF00C851D6 /* SceneDelegate.swift */; };
		DEAD1EEB258279FF00C851D6 /* ViewController.swift in Sources */ = {isa = PBXBuildFile; fileRef = DEAD1EEA258279FF00C851D6 /* ViewController.swift */; };
		DEAD1EEE258279FF00C851D6 /* Main.storyboard in Resources */ = {isa = PBXBuildFile; fileRef = DEAD1EEC258279FF00C851D6 /* Main.storyboard */; };
		DEAD1EF1258279FF00C851D6 /* iOSTechnicalTask.xcdatamodeld in Sources */ = {isa = PBXBuildFile; fileRef = DEAD1EEF258279FF00C851D6 /* iOSTechnicalTask.xcdatamodeld */; };
		DEAD1EF325827A0000C851D6 /* Assets.xcassets in Resources */ = {isa = PBXBuildFile; fileRef = DEAD1EF225827A0000C851D6 /* Assets.xcassets */; };
		DEAD1EF625827A0000C851D6 /* LaunchScreen.storyboard in Resources */ = {isa = PBXBuildFile; fileRef = DEAD1EF425827A0000C851D6 /* LaunchScreen.storyboard */; };
		DEAD1F0125827A0000C851D6 /* iOSTechnicalTaskTests.swift in Sources */ = {isa = PBXBuildFile; fileRef = DEAD1F0025827A0000C851D6 /* iOSTechnicalTaskTests.swift */; };
		DEAD1F0C25827A0000C851D6 /* iOSTechnicalTaskUITests.swift in Sources */ = {isa = PBXBuildFile; fileRef = DEAD1F0B25827A0000C851D6 /* iOSTechnicalTaskUITests.swift */; };
/* End PBXBuildFile section */

/* Begin PBXContainerItemProxy section */
		DEAD1EFD25827A0000C851D6 /* PBXContainerItemProxy */ = {
			isa = PBXContainerItemProxy;
			containerPortal = DEAD1EDB258279FE00C851D6 /* Project object */;
			proxyType = 1;
			remoteGlobalIDString = DEAD1EE2258279FF00C851D6;
			remoteInfo = iOSTechnicalTask;
		};
		DEAD1F0825827A0000C851D6 /* PBXContainerItemProxy */ = {
			isa = PBXContainerItemProxy;
			containerPortal = DEAD1EDB258279FE00C851D6 /* Project object */;
			proxyType = 1;
			remoteGlobalIDString = DEAD1EE2258279FF00C851D6;
			remoteInfo = iOSTechnicalTask;
		};
/* End PBXContainerItemProxy section */

/* Begin PBXFileReference section */
		DEAD1EE3258279FF00C851D6 /* iOSTechnicalTask.app */ = {isa = PBXFileReference; explicitFileType = wrapper.application; includeInIndex = 0; path = iOSTechnicalTask.app; sourceTree = BUILT_PRODUCTS_DIR; };
		DEAD1EE6258279FF00C851D6 /* AppDelegate.swift */ = {isa = PBXFileReference; lastKnownFileType = sourcecode.swift; path = AppDelegate.swift; sourceTree = "<group>"; };
		DEAD1EE8258279FF00C851D6 /* SceneDelegate.swift */ = {isa = PBXFileReference; lastKnownFileType = sourcecode.swift; path = SceneDelegate.swift; sourceTree = "<group>"; };
		DEAD1EEA258279FF00C851D6 /* ViewController.swift */ = {isa = PBXFileReference; lastKnownFileType = sourcecode.swift; path = ViewController.swift; sourceTree = "<group>"; };
		DEAD1EED258279FF00C851D6 /* Base */ = {isa = PBXFileReference; lastKnownFileType = file.storyboard; name = Base; path = Base.lproj/Main.storyboard; sourceTree = "<group>"; };
		DEAD1EF0258279FF00C851D6 /* iOSTechnicalTask.xcdatamodel */ = {isa = PBXFileReference; lastKnownFileType = wrapper.xcdatamodel; path = iOSTechnicalTask.xcdatamodel; sourceTree = "<group>"; };
		DEAD1EF225827A0000C851D6 /* Assets.xcassets */ = {isa = PBXFileReference; lastKnownFileType = folder.assetcatalog; path = Assets.xcassets; sourceTree = "<group>"; };
		DEAD1EF525827A0000C851D6 /* Base */ = {isa = PBXFileReference; lastKnownFileType = file.storyboard; name = Base; path = Base.lproj/LaunchScreen.storyboard; sourceTree = "<group>"; };
		DEAD1EF725827A0000C851D6 /* Info.plist */ = {isa = PBXFileReference; lastKnownFileType = text.plist.xml; path = Info.plist; sourceTree = "<group>"; };
		DEAD1EFC25827A0000C851D6 /* iOSTechnicalTaskTests.xctest */ = {isa = PBXFileReference; explicitFileType = wrapper.cfbundle; includeInIndex = 0; path = iOSTechnicalTaskTests.xctest; sourceTree = BUILT_PRODUCTS_DIR; };
		DEAD1F0025827A0000C851D6 /* iOSTechnicalTaskTests.swift */ = {isa = PBXFileReference; lastKnownFileType = sourcecode.swift; path = iOSTechnicalTaskTests.swift; sourceTree = "<group>"; };
		DEAD1F0225827A0000C851D6 /* Info.plist */ = {isa = PBXFileReference; lastKnownFileType = text.plist.xml; path = Info.plist; sourceTree = "<group>"; };
		DEAD1F0725827A0000C851D6 /* iOSTechnicalTaskUITests.xctest */ = {isa = PBXFileReference; explicitFileType = wrapper.cfbundle; includeInIndex = 0; path = iOSTechnicalTaskUITests.xctest; sourceTree = BUILT_PRODUCTS_DIR; };
		DEAD1F0B25827A0000C851D6 /* iOSTechnicalTaskUITests.swift */ = {isa = PBXFileReference; lastKnownFileType = sourcecode.swift; path = iOSTechnicalTaskUITests.swift; sourceTree = "<group>"; };
		DEAD1F0D25827A0000C851D6 /* Info.plist */ = {isa = PBXFileReference; lastKnownFileType = text.plist.xml; path = Info.plist; sourceTree = "<group>"; };
/* End PBXFileReference section */

/* Begin PBXFrameworksBuildPhase section */
		DEAD1EE0258279FF00C851D6 /* Frameworks */ = {
			isa = PBXFrameworksBuildPhase;
			buildActionMask = 2147483647;
			files = (
			);
			runOnlyForDeploymentPostprocessing = 0;
		};
		DEAD1EF925827A0000C851D6 /* Frameworks */ = {
			isa = PBXFrameworksBuildPhase;
			buildActionMask = 2147483647;
			files = (
			);
			runOnlyForDeploymentPostprocessing = 0;
		};
		DEAD1F0425827A0000C851D6 /* Frameworks */ = {
			isa = PBXFrameworksBuildPhase;
			buildActionMask = 2147483647;
			files = (
			);
			runOnlyForDeploymentPostprocessing = 0;
		};
/* End PBXFrameworksBuildPhase section */

/* Begin PBXGroup section */
		DEAD1EDA258279FE00C851D6 = {
			isa = PBXGroup;
			children = (
				DEAD1EE5258279FF00C851D6 /* iOSTechnicalTask */,
				DEAD1EFF25827A0000C851D6 /* iOSTechnicalTaskTests */,
				DEAD1F0A25827A0000C851D6 /* iOSTechnicalTaskUITests */,
				DEAD1EE4258279FF00C851D6 /* Products */,
			);
			sourceTree = "<group>";
		};
		DEAD1EE4258279FF00C851D6 /* Products */ = {
			isa = PBXGroup;
			children = (
				DEAD1EE3258279FF00C851D6 /* iOSTechnicalTask.app */,
				DEAD1EFC25827A0000C851D6 /* iOSTechnicalTaskTests.xctest */,
				DEAD1F0725827A0000C851D6 /* iOSTechnicalTaskUITests.xctest */,
			);
			name = Products;
			sourceTree = "<group>";
		};
		DEAD1EE5258279FF00C851D6 /* iOSTechnicalTask */ = {
			isa = PBXGroup;
			children = (
				DEAD1EE6258279FF00C851D6 /* AppDelegate.swift */,
				DEAD1EE8258279FF00C851D6 /* SceneDelegate.swift */,
				DEAD1EEA258279FF00C851D6 /* ViewController.swift */,
				DEAD1EEC258279FF00C851D6 /* Main.storyboard */,
				DEAD1EF225827A0000C851D6 /* Assets.xcassets */,
				DEAD1EF425827A0000C851D6 /* LaunchScreen.storyboard */,
				DEAD1EF725827A0000C851D6 /* Info.plist */,
				DEAD1EEF258279FF00C851D6 /* iOSTechnicalTask.xcdatamodeld */,
			);
			path = iOSTechnicalTask;
			sourceTree = "<group>";
		};
		DEAD1EFF25827A0000C851D6 /* iOSTechnicalTaskTests */ = {
			isa = PBXGroup;
			children = (
				DEAD1F0025827A0000C851D6 /* iOSTechnicalTaskTests.swift */,
				DEAD1F0225827A0000C851D6 /* Info.plist */,
			);
			path = iOSTechnicalTaskTests;
			sourceTree = "<group>";
		};
		DEAD1F0A25827A0000C851D6 /* iOSTechnicalTaskUITests */ = {
			isa = PBXGroup;
			children = (
				DEAD1F0B25827A0000C851D6 /* iOSTechnicalTaskUITests.swift */,
				DEAD1F0D25827A0000C851D6 /* Info.plist */,
			);
			path = iOSTechnicalTaskUITests;
			sourceTree = "<group>";
		};
/* End PBXGroup section */

/* Begin PBXNativeTarget section */
		DEAD1EE2258279FF00C851D6 /* iOSTechnicalTask */ = {
			isa = PBXNativeTarget;
			buildConfigurationList = DEAD1F1025827A0000C851D6 /* Build configuration list for PBXNativeTarget "iOSTechnicalTask" */;
			buildPhases = (
				DEAD1EDF258279FF00C851D6 /* Sources */,
				DEAD1EE0258279FF00C851D6 /* Frameworks */,
				DEAD1EE1258279FF00C851D6 /* Resources */,
			);
			buildRules = (
			);
			dependencies = (
			);
			name = iOSTechnicalTask;
			productName = iOSTechnicalTask;
			productReference = DEAD1EE3258279FF00C851D6 /* iOSTechnicalTask.app */;
			productType = "com.apple.product-type.application";
		};
		DEAD1EFB25827A0000C851D6 /* iOSTechnicalTaskTests */ = {
			isa = PBXNativeTarget;
			buildConfigurationList = DEAD1F1325827A0000C851D6 /* Build configuration list for PBXNativeTarget "iOSTechnicalTaskTests" */;
			buildPhases = (
				DEAD1EF825827A0000C851D6 /* Sources */,
				DEAD1EF925827A0000C851D6 /* Frameworks */,
				DEAD1EFA25827A0000C851D6 /* Resources */,
			);
			buildRules = (
			);
			dependencies = (
				DEAD1EFE25827A0000C851D6 /* PBXTargetDependency */,
			);
			name = iOSTechnicalTaskTests;
			productName = iOSTechnicalTaskTests;
			productReference = DEAD1EFC25827A0000C851D6 /* iOSTechnicalTaskTests.xctest */;
			productType = "com.apple.product-type.bundle.unit-test";
		};
		DEAD1F0625827A0000C851D6 /* iOSTechnicalTaskUITests */ = {
			isa = PBXNativeTarget;
			buildConfigurationList = DEAD1F1625827A0000C851D6 /* Build configuration list for PBXNativeTarget "iOSTechnicalTaskUITests" */;
			buildPhases = (
				DEAD1F0325827A0000C851D6 /* Sources */,
				DEAD1F0425827A0000C851D6 /* Frameworks */,
				DEAD1F0525827A0000C851D6 /* Resources */,
			);
			buildRules = (
			);
			dependencies = (
				DEAD1F0925827A0000C851D6 /* PBXTargetDependency */,
			);
			name = iOSTechnicalTaskUITests;
			productName = iOSTechnicalTaskUITests;
			productReference = DEAD1F0725827A0000C851D6 /* iOSTechnicalTaskUITests.xctest */;
			productType = "com.apple.product-type.bundle.ui-testing";
		};
/* End PBXNativeTarget section */

/* Begin PBXProject section */
		DEAD1EDB258279FE00C851D6 /* Project object */ = {
			isa = PBXProject;
			attributes = {
				LastSwiftUpdateCheck = 1220;
				LastUpgradeCheck = 1220;
				TargetAttributes = {
					DEAD1EE2258279FF00C851D6 = {
						CreatedOnToolsVersion = 12.2;
					};
					DEAD1EFB25827A0000C851D6 = {
						CreatedOnToolsVersion = 12.2;
						TestTargetID = DEAD1EE2258279FF00C851D6;
					};
					DEAD1F0625827A0000C851D6 = {
						CreatedOnToolsVersion = 12.2;
						TestTargetID = DEAD1EE2258279FF00C851D6;
					};
				};
			};
			buildConfigurationList = DEAD1EDE258279FE00C851D6 /* Build configuration list for PBXProject "iOSTechnicalTask" */;
			compatibilityVersion = "Xcode 9.3";
			developmentRegion = en;
			hasScannedForEncodings = 0;
			knownRegions = (
				en,
				Base,
			);
			mainGroup = DEAD1EDA258279FE00C851D6;
			productRefGroup = DEAD1EE4258279FF00C851D6 /* Products */;
			projectDirPath = "";
			projectRoot = "";
			targets = (
				DEAD1EE2258279FF00C851D6 /* iOSTechnicalTask */,
				DEAD1EFB25827A0000C851D6 /* iOSTechnicalTaskTests */,
				DEAD1F0625827A0000C851D6 /* iOSTechnicalTaskUITests */,
			);
		};
/* End PBXProject section */

/* Begin PBXResourcesBuildPhase section */
		DEAD1EE1258279FF00C851D6 /* Resources */ = {
			isa = PBXResourcesBuildPhase;
			buildActionMask = 2147483647;
			files = (
				DEAD1EF625827A0000C851D6 /* LaunchScreen.storyboard in Resources */,
				DEAD1EF325827A0000C851D6 /* Assets.xcassets in Resources */,
				DEAD1EEE258279FF00C851D6 /* Main.storyboard in Resources */,
			);
			runOnlyForDeploymentPostprocessing = 0;
		};
		DEAD1EFA25827A0000C851D6 /* Resources */ = {
			isa = PBXResourcesBuildPhase;
			buildActionMask = 2147483647;
			files = (
			);
			runOnlyForDeploymentPostprocessing = 0;
		};
		DEAD1F0525827A0000C851D6 /* Resources */ = {
			isa = PBXResourcesBuildPhase;
			buildActionMask = 2147483647;
			files = (
			);
			runOnlyForDeploymentPostprocessing = 0;
		};
/* End PBXResourcesBuildPhase section */

/* Begin PBXSourcesBuildPhase section */
		DEAD1EDF258279FF00C851D6 /* Sources */ = {
			isa = PBXSourcesBuildPhase;
			buildActionMask = 2147483647;
			files = (
				DEAD1EEB258279FF00C851D6 /* ViewController.swift in Sources */,
				DEAD1EE7258279FF00C851D6 /* AppDelegate.swift in Sources */,
				DEAD1EF1258279FF00C851D6 /* iOSTechnicalTask.xcdatamodeld in Sources */,
				DEAD1EE9258279FF00C851D6 /* SceneDelegate.swift in Sources */,
			);
			runOnlyForDeploymentPostprocessing = 0;
		};
		DEAD1EF825827A0000C851D6 /* Sources */ = {
			isa = PBXSourcesBuildPhase;
			buildActionMask = 2147483647;
			files = (
				DEAD1F0125827A0000C851D6 /* iOSTechnicalTaskTests.swift in Sources */,
			);
			runOnlyForDeploymentPostprocessing = 0;
		};
		DEAD1F0325827A0000C851D6 /* Sources */ = {
			isa = PBXSourcesBuildPhase;
			buildActionMask = 2147483647;
			files = (
				DEAD1F0C25827A0000C851D6 /* iOSTechnicalTaskUITests.swift in Sources */,
			);
			runOnlyForDeploymentPostprocessing = 0;
		};
/* End PBXSourcesBuildPhase section */

/* Begin PBXTargetDependency section */
		DEAD1EFE25827A0000C851D6 /* PBXTargetDependency */ = {
			isa = PBXTargetDependency;
			target = DEAD1EE2258279FF00C851D6 /* iOSTechnicalTask */;
			targetProxy = DEAD1EFD25827A0000C851D6 /* PBXContainerItemProxy */;
		};
		DEAD1F0925827A0000C851D6 /* PBXTargetDependency */ = {
			isa = PBXTargetDependency;
			target = DEAD1EE2258279FF00C851D6 /* iOSTechnicalTask */;
			targetProxy = DEAD1F0825827A0000C851D6 /* PBXContainerItemProxy */;
		};
/* End PBXTargetDependency section */

/* Begin PBXVariantGroup section */
		DEAD1EEC258279FF00C851D6 /* Main.storyboard */ = {
			isa = PBXVariantGroup;
			children = (
				DEAD1EED258279FF00C851D6 /* Base */,
			);
			name = Main.storyboard;
			sourceTree = "<group>";
		};
		DEAD1EF425827A0000C851D6 /* LaunchScreen.storyboard */ = {
			isa = PBXVariantGroup;
			children = (
				DEAD1EF525827A0000C851D6 /* Base */,
			);
			name = LaunchScreen.storyboard;
			sourceTree = "<group>";
		};
/* End PBXVariantGroup section */

/* Begin XCBuildConfiguration section */
		DEAD1F0E25827A0000C851D6 /* Debug */ = {
			isa = XCBuildConfiguration;
			buildSettings = {
				ALWAYS_SEARCH_USER_PATHS = NO;
				CLANG_ANALYZER_NONNULL = YES;
				CLANG_ANALYZER_NUMBER_OBJECT_CONVERSION = YES_AGGRESSIVE;
				CLANG_CXX_LANGUAGE_STANDARD = "gnu++14";
				CLANG_CXX_LIBRARY = "libc++";
				CLANG_ENABLE_MODULES = YES;
				CLANG_ENABLE_OBJC_ARC = YES;
				CLANG_ENABLE_OBJC_WEAK = YES;
				CLANG_WARN_BLOCK_CAPTURE_AUTORELEASING = YES;
				CLANG_WARN_BOOL_CONVERSION = YES;
				CLANG_WARN_COMMA = YES;
				CLANG_WARN_CONSTANT_CONVERSION = YES;
				CLANG_WARN_DEPRECATED_OBJC_IMPLEMENTATIONS = YES;
				CLANG_WARN_DIRECT_OBJC_ISA_USAGE = YES_ERROR;
				CLANG_WARN_DOCUMENTATION_COMMENTS = YES;
				CLANG_WARN_EMPTY_BODY = YES;
				CLANG_WARN_ENUM_CONVERSION = YES;
				CLANG_WARN_INFINITE_RECURSION = YES;
				CLANG_WARN_INT_CONVERSION = YES;
				CLANG_WARN_NON_LITERAL_NULL_CONVERSION = YES;
				CLANG_WARN_OBJC_IMPLICIT_RETAIN_SELF = YES;
				CLANG_WARN_OBJC_LITERAL_CONVERSION = YES;
				CLANG_WARN_OBJC_ROOT_CLASS = YES_ERROR;
				CLANG_WARN_QUOTED_INCLUDE_IN_FRAMEWORK_HEADER = YES;
				CLANG_WARN_RANGE_LOOP_ANALYSIS = YES;
				CLANG_WARN_STRICT_PROTOTYPES = YES;
				CLANG_WARN_SUSPICIOUS_MOVE = YES;
				CLANG_WARN_UNGUARDED_AVAILABILITY = YES_AGGRESSIVE;
				CLANG_WARN_UNREACHABLE_CODE = YES;
				CLANG_WARN__DUPLICATE_METHOD_MATCH = YES;
				COPY_PHASE_STRIP = NO;
				DEBUG_INFORMATION_FORMAT = dwarf;
				ENABLE_STRICT_OBJC_MSGSEND = YES;
				ENABLE_TESTABILITY = YES;
				GCC_C_LANGUAGE_STANDARD = gnu11;
				GCC_DYNAMIC_NO_PIC = NO;
				GCC_NO_COMMON_BLOCKS = YES;
				GCC_OPTIMIZATION_LEVEL = 0;
				GCC_PREPROCESSOR_DEFINITIONS = (
					"DEBUG=1",
					"$(inherited)",
				);
				GCC_WARN_64_TO_32_BIT_CONVERSION = YES;
				GCC_WARN_ABOUT_RETURN_TYPE = YES_ERROR;
				GCC_WARN_UNDECLARED_SELECTOR = YES;
				GCC_WARN_UNINITIALIZED_AUTOS = YES_AGGRESSIVE;
				GCC_WARN_UNUSED_FUNCTION = YES;
				GCC_WARN_UNUSED_VARIABLE = YES;
				IPHONEOS_DEPLOYMENT_TARGET = 14.2;
				MTL_ENABLE_DEBUG_INFO = INCLUDE_SOURCE;
				MTL_FAST_MATH = YES;
				ONLY_ACTIVE_ARCH = YES;
				SDKROOT = iphoneos;
				SWIFT_ACTIVE_COMPILATION_CONDITIONS = DEBUG;
				SWIFT_OPTIMIZATION_LEVEL = "-Onone";
			};
			name = Debug;
		};
		DEAD1F0F25827A0000C851D6 /* Release */ = {
			isa = XCBuildConfiguration;
			buildSettings = {
				ALWAYS_SEARCH_USER_PATHS = NO;
				CLANG_ANALYZER_NONNULL = YES;
				CLANG_ANALYZER_NUMBER_OBJECT_CONVERSION = YES_AGGRESSIVE;
				CLANG_CXX_LANGUAGE_STANDARD = "gnu++14";
				CLANG_CXX_LIBRARY = "libc++";
				CLANG_ENABLE_MODULES = YES;
				CLANG_ENABLE_OBJC_ARC = YES;
				CLANG_ENABLE_OBJC_WEAK = YES;
				CLANG_WARN_BLOCK_CAPTURE_AUTORELEASING = YES;
				CLANG_WARN_BOOL_CONVERSION = YES;
				CLANG_WARN_COMMA = YES;
				CLANG_WARN_CONSTANT_CONVERSION = YES;
				CLANG_WARN_DEPRECATED_OBJC_IMPLEMENTATIONS = YES;
				CLANG_WARN_DIRECT_OBJC_ISA_USAGE = YES_ERROR;
				CLANG_WARN_DOCUMENTATION_COMMENTS = YES;
				CLANG_WARN_EMPTY_BODY = YES;
				CLANG_WARN_ENUM_CONVERSION = YES;
				CLANG_WARN_INFINITE_RECURSION = YES;
				CLANG_WARN_INT_CONVERSION = YES;
				CLANG_WARN_NON_LITERAL_NULL_CONVERSION = YES;
				CLANG_WARN_OBJC_IMPLICIT_RETAIN_SELF = YES;
				CLANG_WARN_OBJC_LITERAL_CONVERSION = YES;
				CLANG_WARN_OBJC_ROOT_CLASS = YES_ERROR;
				CLANG_WARN_QUOTED_INCLUDE_IN_FRAMEWORK_HEADER = YES;
				CLANG_WARN_RANGE_LOOP_ANALYSIS = YES;
				CLANG_WARN_STRICT_PROTOTYPES = YES;
				CLANG_WARN_SUSPICIOUS_MOVE = YES;
				CLANG_WARN_UNGUARDED_AVAILABILITY = YES_AGGRESSIVE;
				CLANG_WARN_UNREACHABLE_CODE = YES;
				CLANG_WARN__DUPLICATE_METHOD_MATCH = YES;
				COPY_PHASE_STRIP = NO;
				DEBUG_INFORMATION_FORMAT = "dwarf-with-dsym";
				ENABLE_NS_ASSERTIONS = NO;
				ENABLE_STRICT_OBJC_MSGSEND = YES;
				GCC_C_LANGUAGE_STANDARD = gnu11;
				GCC_NO_COMMON_BLOCKS = YES;
				GCC_WARN_64_TO_32_BIT_CONVERSION = YES;
				GCC_WARN_ABOUT_RETURN_TYPE = YES_ERROR;
				GCC_WARN_UNDECLARED_SELECTOR = YES;
				GCC_WARN_UNINITIALIZED_AUTOS = YES_AGGRESSIVE;
				GCC_WARN_UNUSED_FUNCTION = YES;
				GCC_WARN_UNUSED_VARIABLE = YES;
				IPHONEOS_DEPLOYMENT_TARGET = 14.2;
				MTL_ENABLE_DEBUG_INFO = NO;
				MTL_FAST_MATH = YES;
				SDKROOT = iphoneos;
				SWIFT_COMPILATION_MODE = wholemodule;
				SWIFT_OPTIMIZATION_LEVEL = "-O";
				VALIDATE_PRODUCT = YES;
			};
			name = Release;
		};
		DEAD1F1125827A0000C851D6 /* Debug */ = {
			isa = XCBuildConfiguration;
			buildSettings = {
				ASSETCATALOG_COMPILER_APPICON_NAME = AppIcon;
				ASSETCATALOG_COMPILER_GLOBAL_ACCENT_COLOR_NAME = AccentColor;
				CODE_SIGN_STYLE = Automatic;
				INFOPLIST_FILE = iOSTechnicalTask/Info.plist;
				LD_RUNPATH_SEARCH_PATHS = (
					"$(inherited)",
					"@executable_path/Frameworks",
				);
				PRODUCT_BUNDLE_IDENTIFIER = com.yorkcoding.iOSTechnicalTask;
				PRODUCT_NAME = "$(TARGET_NAME)";
				SWIFT_VERSION = 5.0;
				TARGETED_DEVICE_FAMILY = "1,2";
			};
			name = Debug;
		};
		DEAD1F1225827A0000C851D6 /* Release */ = {
			isa = XCBuildConfiguration;
			buildSettings = {
				ASSETCATALOG_COMPILER_APPICON_NAME = AppIcon;
				ASSETCATALOG_COMPILER_GLOBAL_ACCENT_COLOR_NAME = AccentColor;
				CODE_SIGN_STYLE = Automatic;
				INFOPLIST_FILE = iOSTechnicalTask/Info.plist;
				LD_RUNPATH_SEARCH_PATHS = (
					"$(inherited)",
					"@executable_path/Frameworks",
				);
				PRODUCT_BUNDLE_IDENTIFIER = com.yorkcoding.iOSTechnicalTask;
				PRODUCT_NAME = "$(TARGET_NAME)";
				SWIFT_VERSION = 5.0;
				TARGETED_DEVICE_FAMILY = "1,2";
			};
			name = Release;
		};
		DEAD1F1425827A0000C851D6 /* Debug */ = {
			isa = XCBuildConfiguration;
			buildSettings = {
				ALWAYS_EMBED_SWIFT_STANDARD_LIBRARIES = YES;
				BUNDLE_LOADER = "$(TEST_HOST)";
				CODE_SIGN_STYLE = Automatic;
				INFOPLIST_FILE = iOSTechnicalTaskTests/Info.plist;
				IPHONEOS_DEPLOYMENT_TARGET = 14.2;
				LD_RUNPATH_SEARCH_PATHS = (
					"$(inherited)",
					"@executable_path/Frameworks",
					"@loader_path/Frameworks",
				);
				PRODUCT_BUNDLE_IDENTIFIER = com.yorkcoding.iOSTechnicalTaskTests;
				PRODUCT_NAME = "$(TARGET_NAME)";
				SWIFT_VERSION = 5.0;
				TARGETED_DEVICE_FAMILY = "1,2";
				TEST_HOST = "$(BUILT_PRODUCTS_DIR)/iOSTechnicalTask.app/iOSTechnicalTask";
			};
			name = Debug;
		};
		DEAD1F1525827A0000C851D6 /* Release */ = {
			isa = XCBuildConfiguration;
			buildSettings = {
				ALWAYS_EMBED_SWIFT_STANDARD_LIBRARIES = YES;
				BUNDLE_LOADER = "$(TEST_HOST)";
				CODE_SIGN_STYLE = Automatic;
				INFOPLIST_FILE = iOSTechnicalTaskTests/Info.plist;
				IPHONEOS_DEPLOYMENT_TARGET = 14.2;
				LD_RUNPATH_SEARCH_PATHS = (
					"$(inherited)",
					"@executable_path/Frameworks",
					"@loader_path/Frameworks",
				);
				PRODUCT_BUNDLE_IDENTIFIER = com.yorkcoding.iOSTechnicalTaskTests;
				PRODUCT_NAME = "$(TARGET_NAME)";
				SWIFT_VERSION = 5.0;
				TARGETED_DEVICE_FAMILY = "1,2";
				TEST_HOST = "$(BUILT_PRODUCTS_DIR)/iOSTechnicalTask.app/iOSTechnicalTask";
			};
			name = Release;
		};
		DEAD1F1725827A0000C851D6 /* Debug */ = {
			isa = XCBuildConfiguration;
			buildSettings = {
				ALWAYS_EMBED_SWIFT_STANDARD_LIBRARIES = YES;
				CODE_SIGN_STYLE = Automatic;
				INFOPLIST_FILE = iOSTechnicalTaskUITests/Info.plist;
				LD_RUNPATH_SEARCH_PATHS = (
					"$(inherited)",
					"@executable_path/Frameworks",
					"@loader_path/Frameworks",
				);
				PRODUCT_BUNDLE_IDENTIFIER = com.yorkcoding.iOSTechnicalTaskUITests;
				PRODUCT_NAME = "$(TARGET_NAME)";
				SWIFT_VERSION = 5.0;
				TARGETED_DEVICE_FAMILY = "1,2";
				TEST_TARGET_NAME = iOSTechnicalTask;
			};
			name = Debug;
		};
		DEAD1F1825827A0000C851D6 /* Release */ = {
			isa = XCBuildConfiguration;
			buildSettings = {
				ALWAYS_EMBED_SWIFT_STANDARD_LIBRARIES = YES;
				CODE_SIGN_STYLE = Automatic;
				INFOPLIST_FILE = iOSTechnicalTaskUITests/Info.plist;
				LD_RUNPATH_SEARCH_PATHS = (
					"$(inherited)",
					"@executable_path/Frameworks",
					"@loader_path/Frameworks",
				);
				PRODUCT_BUNDLE_IDENTIFIER = com.yorkcoding.iOSTechnicalTaskUITests;
				PRODUCT_NAME = "$(TARGET_NAME)";
				SWIFT_VERSION = 5.0;
				TARGETED_DEVICE_FAMILY = "1,2";
				TEST_TARGET_NAME = iOSTechnicalTask;
			};
			name = Release;
		};
/* End XCBuildConfiguration section */

/* Begin XCConfigurationList section */
		DEAD1EDE258279FE00C851D6 /* Build configuration list for PBXProject "iOSTechnicalTask" */ = {
			isa = XCConfigurationList;
			buildConfigurations = (
				DEAD1F0E25827A0000C851D6 /* Debug */,
				DEAD1F0F25827A0000C851D6 /* Release */,
			);
			defaultConfigurationIsVisible = 0;
			defaultConfigurationName = Release;
		};
		DEAD1F1025827A0000C851D6 /* Build configuration list for PBXNativeTarget "iOSTechnicalTask" */ = {
			isa = XCConfigurationList;
			buildConfigurations = (
				DEAD1F1125827A0000C851D6 /* Debug */,
				DEAD1F1225827A0000C851D6 /* Release */,
			);
			defaultConfigurationIsVisible = 0;
			defaultConfigurationName = Release;
		};
		DEAD1F1325827A0000C851D6 /* Build configuration list for PBXNativeTarget "iOSTechnicalTaskTests" */ = {
			isa = XCConfigurationList;
			buildConfigurations = (
				DEAD1F1425827A0000C851D6 /* Debug */,
				DEAD1F1525827A0000C851D6 /* Release */,
			);
			defaultConfigurationIsVisible = 0;
			defaultConfigurationName = Release;
		};
		DEAD1F1625827A0000C851D6 /* Build configuration list for PBXNativeTarget "iOSTechnicalTaskUITests" */ = {
			isa = XCConfigurationList;
			buildConfigurations = (
				DEAD1F1725827A0000C851D6 /* Debug */,
				DEAD1F1825827A0000C851D6 /* Release */,
			);
			defaultConfigurationIsVisible = 0;
			defaultConfigurationName = Release;
		};
/* End XCConfigurationList section */

/* Begin XCVersionGroup section */
		DEAD1EEF258279FF00C851D6 /* iOSTechnicalTask.xcdatamodeld */ = {
			isa = XCVersionGroup;
			children = (
				DEAD1EF0258279FF00C851D6 /* iOSTechnicalTask.xcdatamodel */,
			);
			currentVersion = DEAD1EF0258279FF00C851D6 /* iOSTechnicalTask.xcdatamodel */;
			path = iOSTechnicalTask.xcdatamodeld;
			sourceTree = "<group>";
			versionGroupType = wrapper.xcdatamodel;
		};
/* End XCVersionGroup section */
	};
	rootObject = DEAD1EDB258279FE00C851D6 /* Project object */;
}
