// !$*UTF8*$!
{
	archiveVersion = 1;
	classes = {
	};
	objectVersion = 51;
	objects = {

/* Begin PBXBuildFile section */
		52CCBCCDEDC6BF9CB57D89D3 /* Pods_iOSTechnicalTaskTests.framework in Frameworks */ = {isa = PBXBuildFile; fileRef = FE2550343D30D7EE2A21653D /* Pods_iOSTechnicalTaskTests.framework */; };
		714CD52509AEED0A0D03D917 /* Pods_iOSTechnicalTask.framework in Frameworks */ = {isa = PBXBuildFile; fileRef = B37FFF0A0E0629B29EC42B9F /* Pods_iOSTechnicalTask.framework */; };
		DE32F70F258624B8008FA04D /* GetTransactionListApiTest.swift in Sources */ = {isa = PBXBuildFile; fileRef = DE32F70E258624B8008FA04D /* GetTransactionListApiTest.swift */; };
		DE32F737258657FB008FA04D /* StubResponse.swift in Sources */ = {isa = PBXBuildFile; fileRef = DE32F736258657FB008FA04D /* StubResponse.swift */; };
		DE32F73E2586599A008FA04D /* GetTransactionList_success.json in Resources */ = {isa = PBXBuildFile; fileRef = DE32F73D2586599A008FA04D /* GetTransactionList_success.json */; };
		DE32F74625865EAF008FA04D /* GetTransactionListResponse.swift in Sources */ = {isa = PBXBuildFile; fileRef = DE32F74525865EAF008FA04D /* GetTransactionListResponse.swift */; };
		DE32F75A258676E2008FA04D /* GetTransactionList_missingFields.json in Resources */ = {isa = PBXBuildFile; fileRef = DE32F759258676E2008FA04D /* GetTransactionList_missingFields.json */; };
		DEAD1EE7258279FF00C851D6 /* AppDelegate.swift in Sources */ = {isa = PBXBuildFile; fileRef = DEAD1EE6258279FF00C851D6 /* AppDelegate.swift */; };
		DEAD1EE9258279FF00C851D6 /* SceneDelegate.swift in Sources */ = {isa = PBXBuildFile; fileRef = DEAD1EE8258279FF00C851D6 /* SceneDelegate.swift */; };
		DEAD1EF1258279FF00C851D6 /* iOSTechnicalTask.xcdatamodeld in Sources */ = {isa = PBXBuildFile; fileRef = DEAD1EEF258279FF00C851D6 /* iOSTechnicalTask.xcdatamodeld */; };
		DEAD1EF325827A0000C851D6 /* Assets.xcassets in Resources */ = {isa = PBXBuildFile; fileRef = DEAD1EF225827A0000C851D6 /* Assets.xcassets */; };
		DEAD1EF625827A0000C851D6 /* LaunchScreen.storyboard in Resources */ = {isa = PBXBuildFile; fileRef = DEAD1EF425827A0000C851D6 /* LaunchScreen.storyboard */; };
		DEE366822585F26E00AF5BCD /* TransactionListViewController.swift in Sources */ = {isa = PBXBuildFile; fileRef = DEE366812585F26E00AF5BCD /* TransactionListViewController.swift */; };
		DEE366862585F29400AF5BCD /* TransactionListViewModel.swift in Sources */ = {isa = PBXBuildFile; fileRef = DEE366852585F29400AF5BCD /* TransactionListViewModel.swift */; };
		DEE3668D2585F62100AF5BCD /* TransactionListViewController.xib in Resources */ = {isa = PBXBuildFile; fileRef = DEE3668C2585F62100AF5BCD /* TransactionListViewController.xib */; };
		DEE366BD2585FDB000AF5BCD /* TransactionTableVIewCell.swift in Sources */ = {isa = PBXBuildFile; fileRef = DEE366BC2585FDB000AF5BCD /* TransactionTableVIewCell.swift */; };
		DEE366C12585FDD300AF5BCD /* TransactionTableViewCell.xib in Resources */ = {isa = PBXBuildFile; fileRef = DEE366C02585FDD300AF5BCD /* TransactionTableViewCell.xib */; };
		DEE366D325860AB100AF5BCD /* NetworkService.swift in Sources */ = {isa = PBXBuildFile; fileRef = DEE366D225860AB100AF5BCD /* NetworkService.swift */; };
		DEE366E6258613AB00AF5BCD /* NetworkError.swift in Sources */ = {isa = PBXBuildFile; fileRef = DEE366E5258613AB00AF5BCD /* NetworkError.swift */; };
		DEE366EB258615AD00AF5BCD /* Transaction.swift in Sources */ = {isa = PBXBuildFile; fileRef = DEE366EA258615AD00AF5BCD /* Transaction.swift */; };
		DEE366FA25861A6800AF5BCD /* GetTransactionListApi.swift in Sources */ = {isa = PBXBuildFile; fileRef = DEE366F925861A6800AF5BCD /* GetTransactionListApi.swift */; };
		DEE366FE25861A9C00AF5BCD /* Constants.swift in Sources */ = {isa = PBXBuildFile; fileRef = DEE366FD25861A9C00AF5BCD /* Constants.swift */; };
/* End PBXBuildFile section */

/* Begin PBXContainerItemProxy section */
		DEAD1EFD25827A0000C851D6 /* PBXContainerItemProxy */ = {
			isa = PBXContainerItemProxy;
			containerPortal = DEAD1EDB258279FE00C851D6 /* Project object */;
			proxyType = 1;
			remoteGlobalIDString = DEAD1EE2258279FF00C851D6;
			remoteInfo = iOSTechnicalTask;
		};
/* End PBXContainerItemProxy section */

/* Begin PBXFileReference section */
		2E7130596677B925EA7DC250 /* Pods-iOSTechnicalTask.release.xcconfig */ = {isa = PBXFileReference; includeInIndex = 1; lastKnownFileType = text.xcconfig; name = "Pods-iOSTechnicalTask.release.xcconfig"; path = "Target Support Files/Pods-iOSTechnicalTask/Pods-iOSTechnicalTask.release.xcconfig"; sourceTree = "<group>"; };
		95C2A829BB16966FE2E40534 /* Pods-iOSTechnicalTaskTests.release.xcconfig */ = {isa = PBXFileReference; includeInIndex = 1; lastKnownFileType = text.xcconfig; name = "Pods-iOSTechnicalTaskTests.release.xcconfig"; path = "Target Support Files/Pods-iOSTechnicalTaskTests/Pods-iOSTechnicalTaskTests.release.xcconfig"; sourceTree = "<group>"; };
		B37FFF0A0E0629B29EC42B9F /* Pods_iOSTechnicalTask.framework */ = {isa = PBXFileReference; explicitFileType = wrapper.framework; includeInIndex = 0; path = Pods_iOSTechnicalTask.framework; sourceTree = BUILT_PRODUCTS_DIR; };
		B903B03ED2B76302DA6461C2 /* Pods_iOSTechnicalTask_iOSTechnicalTaskUITests.framework */ = {isa = PBXFileReference; explicitFileType = wrapper.framework; includeInIndex = 0; path = Pods_iOSTechnicalTask_iOSTechnicalTaskUITests.framework; sourceTree = BUILT_PRODUCTS_DIR; };
		C87418E0DB64119148E98022 /* Pods-iOSTechnicalTask.debug.xcconfig */ = {isa = PBXFileReference; includeInIndex = 1; lastKnownFileType = text.xcconfig; name = "Pods-iOSTechnicalTask.debug.xcconfig"; path = "Target Support Files/Pods-iOSTechnicalTask/Pods-iOSTechnicalTask.debug.xcconfig"; sourceTree = "<group>"; };
		DE32F70E258624B8008FA04D /* GetTransactionListApiTest.swift */ = {isa = PBXFileReference; lastKnownFileType = sourcecode.swift; path = GetTransactionListApiTest.swift; sourceTree = "<group>"; };
		DE32F736258657FB008FA04D /* StubResponse.swift */ = {isa = PBXFileReference; fileEncoding = 4; lastKnownFileType = sourcecode.swift; path = StubResponse.swift; sourceTree = "<group>"; };
		DE32F73D2586599A008FA04D /* GetTransactionList_success.json */ = {isa = PBXFileReference; fileEncoding = 4; lastKnownFileType = text.json; path = GetTransactionList_success.json; sourceTree = "<group>"; };
		DE32F74525865EAF008FA04D /* GetTransactionListResponse.swift */ = {isa = PBXFileReference; lastKnownFileType = sourcecode.swift; path = GetTransactionListResponse.swift; sourceTree = "<group>"; };
		DE32F759258676E2008FA04D /* GetTransactionList_missingFields.json */ = {isa = PBXFileReference; fileEncoding = 4; lastKnownFileType = text.json; path = GetTransactionList_missingFields.json; sourceTree = "<group>"; };
		DEAD1EE3258279FF00C851D6 /* iOSTechnicalTask.app */ = {isa = PBXFileReference; explicitFileType = wrapper.application; includeInIndex = 0; path = iOSTechnicalTask.app; sourceTree = BUILT_PRODUCTS_DIR; };
		DEAD1EE6258279FF00C851D6 /* AppDelegate.swift */ = {isa = PBXFileReference; lastKnownFileType = sourcecode.swift; path = AppDelegate.swift; sourceTree = "<group>"; };
		DEAD1EE8258279FF00C851D6 /* SceneDelegate.swift */ = {isa = PBXFileReference; lastKnownFileType = sourcecode.swift; path = SceneDelegate.swift; sourceTree = "<group>"; };
		DEAD1EF0258279FF00C851D6 /* iOSTechnicalTask.xcdatamodel */ = {isa = PBXFileReference; lastKnownFileType = wrapper.xcdatamodel; path = iOSTechnicalTask.xcdatamodel; sourceTree = "<group>"; };
		DEAD1EF225827A0000C851D6 /* Assets.xcassets */ = {isa = PBXFileReference; lastKnownFileType = folder.assetcatalog; path = Assets.xcassets; sourceTree = "<group>"; };
		DEAD1EF525827A0000C851D6 /* Base */ = {isa = PBXFileReference; lastKnownFileType = file.storyboard; name = Base; path = Base.lproj/LaunchScreen.storyboard; sourceTree = "<group>"; };
		DEAD1EF725827A0000C851D6 /* Info.plist */ = {isa = PBXFileReference; lastKnownFileType = text.plist.xml; path = Info.plist; sourceTree = "<group>"; };
		DEAD1EFC25827A0000C851D6 /* iOSTechnicalTaskTests.xctest */ = {isa = PBXFileReference; explicitFileType = wrapper.cfbundle; includeInIndex = 0; path = iOSTechnicalTaskTests.xctest; sourceTree = BUILT_PRODUCTS_DIR; };
		DEAD1F0225827A0000C851D6 /* Info.plist */ = {isa = PBXFileReference; lastKnownFileType = text.plist.xml; path = Info.plist; sourceTree = "<group>"; };
		DEE366812585F26E00AF5BCD /* TransactionListViewController.swift */ = {isa = PBXFileReference; lastKnownFileType = sourcecode.swift; path = TransactionListViewController.swift; sourceTree = "<group>"; };
		DEE366852585F29400AF5BCD /* TransactionListViewModel.swift */ = {isa = PBXFileReference; lastKnownFileType = sourcecode.swift; path = TransactionListViewModel.swift; sourceTree = "<group>"; };
		DEE3668C2585F62100AF5BCD /* TransactionListViewController.xib */ = {isa = PBXFileReference; lastKnownFileType = file.xib; path = TransactionListViewController.xib; sourceTree = "<group>"; };
		DEE366BC2585FDB000AF5BCD /* TransactionTableVIewCell.swift */ = {isa = PBXFileReference; lastKnownFileType = sourcecode.swift; path = TransactionTableVIewCell.swift; sourceTree = "<group>"; };
		DEE366C02585FDD300AF5BCD /* TransactionTableViewCell.xib */ = {isa = PBXFileReference; lastKnownFileType = file.xib; path = TransactionTableViewCell.xib; sourceTree = "<group>"; };
		DEE366D225860AB100AF5BCD /* NetworkService.swift */ = {isa = PBXFileReference; lastKnownFileType = sourcecode.swift; path = NetworkService.swift; sourceTree = "<group>"; };
		DEE366E5258613AB00AF5BCD /* NetworkError.swift */ = {isa = PBXFileReference; lastKnownFileType = sourcecode.swift; path = NetworkError.swift; sourceTree = "<group>"; };
		DEE366EA258615AD00AF5BCD /* Transaction.swift */ = {isa = PBXFileReference; lastKnownFileType = sourcecode.swift; path = Transaction.swift; sourceTree = "<group>"; };
		DEE366F925861A6800AF5BCD /* GetTransactionListApi.swift */ = {isa = PBXFileReference; lastKnownFileType = sourcecode.swift; path = GetTransactionListApi.swift; sourceTree = "<group>"; };
		DEE366FD25861A9C00AF5BCD /* Constants.swift */ = {isa = PBXFileReference; lastKnownFileType = sourcecode.swift; path = Constants.swift; sourceTree = "<group>"; };
		F8F31C8BC076EAF93734F422 /* Pods-iOSTechnicalTaskTests.debug.xcconfig */ = {isa = PBXFileReference; includeInIndex = 1; lastKnownFileType = text.xcconfig; name = "Pods-iOSTechnicalTaskTests.debug.xcconfig"; path = "Target Support Files/Pods-iOSTechnicalTaskTests/Pods-iOSTechnicalTaskTests.debug.xcconfig"; sourceTree = "<group>"; };
		FE2550343D30D7EE2A21653D /* Pods_iOSTechnicalTaskTests.framework */ = {isa = PBXFileReference; explicitFileType = wrapper.framework; includeInIndex = 0; path = Pods_iOSTechnicalTaskTests.framework; sourceTree = BUILT_PRODUCTS_DIR; };
/* End PBXFileReference section */

/* Begin PBXFrameworksBuildPhase section */
		DEAD1EE0258279FF00C851D6 /* Frameworks */ = {
			isa = PBXFrameworksBuildPhase;
			buildActionMask = 2147483647;
			files = (
				714CD52509AEED0A0D03D917 /* Pods_iOSTechnicalTask.framework in Frameworks */,
			);
			runOnlyForDeploymentPostprocessing = 0;
		};
		DEAD1EF925827A0000C851D6 /* Frameworks */ = {
			isa = PBXFrameworksBuildPhase;
			buildActionMask = 2147483647;
			files = (
				52CCBCCDEDC6BF9CB57D89D3 /* Pods_iOSTechnicalTaskTests.framework in Frameworks */,
			);
			runOnlyForDeploymentPostprocessing = 0;
		};
/* End PBXFrameworksBuildPhase section */

/* Begin PBXGroup section */
		0F81379F906902372F065CD6 /* Pods */ = {
			isa = PBXGroup;
			children = (
				C87418E0DB64119148E98022 /* Pods-iOSTechnicalTask.debug.xcconfig */,
				2E7130596677B925EA7DC250 /* Pods-iOSTechnicalTask.release.xcconfig */,
				F8F31C8BC076EAF93734F422 /* Pods-iOSTechnicalTaskTests.debug.xcconfig */,
				95C2A829BB16966FE2E40534 /* Pods-iOSTechnicalTaskTests.release.xcconfig */,
			);
			path = Pods;
			sourceTree = "<group>";
		};
		87056F4BB6E85B7EED57EDAF /* Frameworks */ = {
			isa = PBXGroup;
			children = (
				B37FFF0A0E0629B29EC42B9F /* Pods_iOSTechnicalTask.framework */,
				B903B03ED2B76302DA6461C2 /* Pods_iOSTechnicalTask_iOSTechnicalTaskUITests.framework */,
				FE2550343D30D7EE2A21653D /* Pods_iOSTechnicalTaskTests.framework */,
			);
			name = Frameworks;
			sourceTree = "<group>";
		};
		DE32F70D2586249A008FA04D /* networkApiTest */ = {
			isa = PBXGroup;
			children = (
				DE32F70E258624B8008FA04D /* GetTransactionListApiTest.swift */,
			);
			path = networkApiTest;
			sourceTree = "<group>";
		};
		DE32F735258657F0008FA04D /* utils */ = {
			isa = PBXGroup;
			children = (
				DE32F736258657FB008FA04D /* StubResponse.swift */,
			);
			path = utils;
			sourceTree = "<group>";
		};
		DE32F73C25865923008FA04D /* resources */ = {
			isa = PBXGroup;
			children = (
				DE32F759258676E2008FA04D /* GetTransactionList_missingFields.json */,
				DE32F73D2586599A008FA04D /* GetTransactionList_success.json */,
			);
			path = resources;
			sourceTree = "<group>";
		};
		DEAD1EDA258279FE00C851D6 = {
			isa = PBXGroup;
			children = (
				DEAD1EE5258279FF00C851D6 /* iOSTechnicalTask */,
				DEAD1EFF25827A0000C851D6 /* iOSTechnicalTaskTests */,
				DEAD1EE4258279FF00C851D6 /* Products */,
				0F81379F906902372F065CD6 /* Pods */,
				87056F4BB6E85B7EED57EDAF /* Frameworks */,
			);
			sourceTree = "<group>";
		};
		DEAD1EE4258279FF00C851D6 /* Products */ = {
			isa = PBXGroup;
			children = (
				DEAD1EE3258279FF00C851D6 /* iOSTechnicalTask.app */,
				DEAD1EFC25827A0000C851D6 /* iOSTechnicalTaskTests.xctest */,
			);
			name = Products;
			sourceTree = "<group>";
		};
		DEAD1EE5258279FF00C851D6 /* iOSTechnicalTask */ = {
			isa = PBXGroup;
			children = (
				DEE366E92586158000AF5BCD /* model */,
				DEE366E42586139D00AF5BCD /* error */,
				DEE366E32586135400AF5BCD /* utils */,
				DEE366892585F2DF00AF5BCD /* network */,
				DEE3667E2585F24300AF5BCD /* ui */,
				DEAD1EE6258279FF00C851D6 /* AppDelegate.swift */,
				DEAD1EE8258279FF00C851D6 /* SceneDelegate.swift */,
				DEAD1EF225827A0000C851D6 /* Assets.xcassets */,
				DEAD1EF425827A0000C851D6 /* LaunchScreen.storyboard */,
				DEAD1EF725827A0000C851D6 /* Info.plist */,
				DEAD1EEF258279FF00C851D6 /* iOSTechnicalTask.xcdatamodeld */,
			);
			path = iOSTechnicalTask;
			sourceTree = "<group>";
		};
		DEAD1EFF25827A0000C851D6 /* iOSTechnicalTaskTests */ = {
			isa = PBXGroup;
			children = (
				DE32F73C25865923008FA04D /* resources */,
				DE32F735258657F0008FA04D /* utils */,
				DE32F70D2586249A008FA04D /* networkApiTest */,
				DEAD1F0225827A0000C851D6 /* Info.plist */,
			);
			path = iOSTechnicalTaskTests;
			sourceTree = "<group>";
		};
		DEE3667E2585F24300AF5BCD /* ui */ = {
			isa = PBXGroup;
			children = (
				DEE366BB2585FD8A00AF5BCD /* TransactionListTableViewCell */,
				DEE366812585F26E00AF5BCD /* TransactionListViewController.swift */,
				DEE366852585F29400AF5BCD /* TransactionListViewModel.swift */,
				DEE3668C2585F62100AF5BCD /* TransactionListViewController.xib */,
			);
			path = ui;
			sourceTree = "<group>";
		};
		DEE366892585F2DF00AF5BCD /* network */ = {
			isa = PBXGroup;
			children = (
				DEE366F025861A3E00AF5BCD /* api */,
				DEE366D225860AB100AF5BCD /* NetworkService.swift */,
			);
			path = network;
			sourceTree = "<group>";
		};
		DEE366BB2585FD8A00AF5BCD /* TransactionListTableViewCell */ = {
			isa = PBXGroup;
			children = (
				DEE366BC2585FDB000AF5BCD /* TransactionTableVIewCell.swift */,
				DEE366C02585FDD300AF5BCD /* TransactionTableViewCell.xib */,
			);
			path = TransactionListTableViewCell;
			sourceTree = "<group>";
		};
		DEE366E32586135400AF5BCD /* utils */ = {
			isa = PBXGroup;
			children = (
				DEE366FD25861A9C00AF5BCD /* Constants.swift */,
			);
			path = utils;
			sourceTree = "<group>";
		};
		DEE366E42586139D00AF5BCD /* error */ = {
			isa = PBXGroup;
			children = (
				DEE366E5258613AB00AF5BCD /* NetworkError.swift */,
			);
			path = error;
			sourceTree = "<group>";
		};
		DEE366E92586158000AF5BCD /* model */ = {
			isa = PBXGroup;
			children = (
				DEE366EA258615AD00AF5BCD /* Transaction.swift */,
				DE32F74525865EAF008FA04D /* GetTransactionListResponse.swift */,
			);
			path = model;
			sourceTree = "<group>";
		};
		DEE366F025861A3E00AF5BCD /* api */ = {
			isa = PBXGroup;
			children = (
				DEE366F925861A6800AF5BCD /* GetTransactionListApi.swift */,
			);
			path = api;
			sourceTree = "<group>";
		};
/* End PBXGroup section */

/* Begin PBXNativeTarget section */
		DEAD1EE2258279FF00C851D6 /* iOSTechnicalTask */ = {
			isa = PBXNativeTarget;
			buildConfigurationList = DEAD1F1025827A0000C851D6 /* Build configuration list for PBXNativeTarget "iOSTechnicalTask" */;
			buildPhases = (
				CD016668F8A61D1851A23CAB /* [CP] Check Pods Manifest.lock */,
				DEAD1EDF258279FF00C851D6 /* Sources */,
				DEAD1EE0258279FF00C851D6 /* Frameworks */,
				DEAD1EE1258279FF00C851D6 /* Resources */,
				9F5A3A1E6F7AA697E69C468A /* [CP] Embed Pods Frameworks */,
			);
			buildRules = (
			);
			dependencies = (
			);
			name = iOSTechnicalTask;
			productName = iOSTechnicalTask;
			productReference = DEAD1EE3258279FF00C851D6 /* iOSTechnicalTask.app */;
			productType = "com.apple.product-type.application";
		};
		DEAD1EFB25827A0000C851D6 /* iOSTechnicalTaskTests */ = {
			isa = PBXNativeTarget;
			buildConfigurationList = DEAD1F1325827A0000C851D6 /* Build configuration list for PBXNativeTarget "iOSTechnicalTaskTests" */;
			buildPhases = (
				8FCA36EFC71E3252C71AFA60 /* [CP] Check Pods Manifest.lock */,
				DEAD1EF825827A0000C851D6 /* Sources */,
				DEAD1EF925827A0000C851D6 /* Frameworks */,
				DEAD1EFA25827A0000C851D6 /* Resources */,
				74036AC682D7577C56133E1C /* [CP] Embed Pods Frameworks */,
			);
			buildRules = (
			);
			dependencies = (
				DEAD1EFE25827A0000C851D6 /* PBXTargetDependency */,
			);
			name = iOSTechnicalTaskTests;
			productName = iOSTechnicalTaskTests;
			productReference = DEAD1EFC25827A0000C851D6 /* iOSTechnicalTaskTests.xctest */;
			productType = "com.apple.product-type.bundle.unit-test";
		};
/* End PBXNativeTarget section */

/* Begin PBXProject section */
		DEAD1EDB258279FE00C851D6 /* Project object */ = {
			isa = PBXProject;
			attributes = {
				LastSwiftUpdateCheck = 1220;
				LastUpgradeCheck = 1220;
				TargetAttributes = {
					DEAD1EE2258279FF00C851D6 = {
						CreatedOnToolsVersion = 12.2;
					};
					DEAD1EFB25827A0000C851D6 = {
						CreatedOnToolsVersion = 12.2;
						LastSwiftMigration = 1220;
						TestTargetID = DEAD1EE2258279FF00C851D6;
					};
				};
			};
			buildConfigurationList = DEAD1EDE258279FE00C851D6 /* Build configuration list for PBXProject "iOSTechnicalTask" */;
			compatibilityVersion = "Xcode 9.3";
			developmentRegion = en;
			hasScannedForEncodings = 0;
			knownRegions = (
				en,
				Base,
			);
			mainGroup = DEAD1EDA258279FE00C851D6;
			productRefGroup = DEAD1EE4258279FF00C851D6 /* Products */;
			projectDirPath = "";
			projectRoot = "";
			targets = (
				DEAD1EE2258279FF00C851D6 /* iOSTechnicalTask */,
				DEAD1EFB25827A0000C851D6 /* iOSTechnicalTaskTests */,
			);
		};
/* End PBXProject section */

/* Begin PBXResourcesBuildPhase section */
		DEAD1EE1258279FF00C851D6 /* Resources */ = {
			isa = PBXResourcesBuildPhase;
			buildActionMask = 2147483647;
			files = (
				DEE366C12585FDD300AF5BCD /* TransactionTableViewCell.xib in Resources */,
				DEAD1EF625827A0000C851D6 /* LaunchScreen.storyboard in Resources */,
				DEE3668D2585F62100AF5BCD /* TransactionListViewController.xib in Resources */,
				DEAD1EF325827A0000C851D6 /* Assets.xcassets in Resources */,
			);
			runOnlyForDeploymentPostprocessing = 0;
		};
		DEAD1EFA25827A0000C851D6 /* Resources */ = {
			isa = PBXResourcesBuildPhase;
			buildActionMask = 2147483647;
			files = (
				DE32F73E2586599A008FA04D /* GetTransactionList_success.json in Resources */,
				DE32F75A258676E2008FA04D /* GetTransactionList_missingFields.json in Resources */,
			);
			runOnlyForDeploymentPostprocessing = 0;
		};
/* End PBXResourcesBuildPhase section */

/* Begin PBXShellScriptBuildPhase section */
		74036AC682D7577C56133E1C /* [CP] Embed Pods Frameworks */ = {
			isa = PBXShellScriptBuildPhase;
			buildActionMask = 2147483647;
			files = (
			);
			inputFileListPaths = (
				"${PODS_ROOT}/Target Support Files/Pods-iOSTechnicalTaskTests/Pods-iOSTechnicalTaskTests-frameworks-${CONFIGURATION}-input-files.xcfilelist",
			);
			name = "[CP] Embed Pods Frameworks";
			outputFileListPaths = (
				"${PODS_ROOT}/Target Support Files/Pods-iOSTechnicalTaskTests/Pods-iOSTechnicalTaskTests-frameworks-${CONFIGURATION}-output-files.xcfilelist",
			);
			runOnlyForDeploymentPostprocessing = 0;
			shellPath = /bin/sh;
			shellScript = "\"${PODS_ROOT}/Target Support Files/Pods-iOSTechnicalTaskTests/Pods-iOSTechnicalTaskTests-frameworks.sh\"\n";
			showEnvVarsInLog = 0;
		};
		8FCA36EFC71E3252C71AFA60 /* [CP] Check Pods Manifest.lock */ = {
			isa = PBXShellScriptBuildPhase;
			buildActionMask = 2147483647;
			files = (
			);
			inputFileListPaths = (
			);
			inputPaths = (
				"${PODS_PODFILE_DIR_PATH}/Podfile.lock",
				"${PODS_ROOT}/Manifest.lock",
			);
			name = "[CP] Check Pods Manifest.lock";
			outputFileListPaths = (
			);
			outputPaths = (
				"$(DERIVED_FILE_DIR)/Pods-iOSTechnicalTaskTests-checkManifestLockResult.txt",
			);
			runOnlyForDeploymentPostprocessing = 0;
			shellPath = /bin/sh;
			shellScript = "diff \"${PODS_PODFILE_DIR_PATH}/Podfile.lock\" \"${PODS_ROOT}/Manifest.lock\" > /dev/null\nif [ $? != 0 ] ; then\n    # print error to STDERR\n    echo \"error: The sandbox is not in sync with the Podfile.lock. Run 'pod install' or update your CocoaPods installation.\" >&2\n    exit 1\nfi\n# This output is used by Xcode 'outputs' to avoid re-running this script phase.\necho \"SUCCESS\" > \"${SCRIPT_OUTPUT_FILE_0}\"\n";
			showEnvVarsInLog = 0;
		};
		9F5A3A1E6F7AA697E69C468A /* [CP] Embed Pods Frameworks */ = {
			isa = PBXShellScriptBuildPhase;
			buildActionMask = 2147483647;
			files = (
			);
			inputFileListPaths = (
				"${PODS_ROOT}/Target Support Files/Pods-iOSTechnicalTask/Pods-iOSTechnicalTask-frameworks-${CONFIGURATION}-input-files.xcfilelist",
			);
			name = "[CP] Embed Pods Frameworks";
			outputFileListPaths = (
				"${PODS_ROOT}/Target Support Files/Pods-iOSTechnicalTask/Pods-iOSTechnicalTask-frameworks-${CONFIGURATION}-output-files.xcfilelist",
			);
			runOnlyForDeploymentPostprocessing = 0;
			shellPath = /bin/sh;
			shellScript = "\"${PODS_ROOT}/Target Support Files/Pods-iOSTechnicalTask/Pods-iOSTechnicalTask-frameworks.sh\"\n";
			showEnvVarsInLog = 0;
		};
		CD016668F8A61D1851A23CAB /* [CP] Check Pods Manifest.lock */ = {
			isa = PBXShellScriptBuildPhase;
			buildActionMask = 2147483647;
			files = (
			);
			inputFileListPaths = (
			);
			inputPaths = (
				"${PODS_PODFILE_DIR_PATH}/Podfile.lock",
				"${PODS_ROOT}/Manifest.lock",
			);
			name = "[CP] Check Pods Manifest.lock";
			outputFileListPaths = (
			);
			outputPaths = (
				"$(DERIVED_FILE_DIR)/Pods-iOSTechnicalTask-checkManifestLockResult.txt",
			);
			runOnlyForDeploymentPostprocessing = 0;
			shellPath = /bin/sh;
			shellScript = "diff \"${PODS_PODFILE_DIR_PATH}/Podfile.lock\" \"${PODS_ROOT}/Manifest.lock\" > /dev/null\nif [ $? != 0 ] ; then\n    # print error to STDERR\n    echo \"error: The sandbox is not in sync with the Podfile.lock. Run 'pod install' or update your CocoaPods installation.\" >&2\n    exit 1\nfi\n# This output is used by Xcode 'outputs' to avoid re-running this script phase.\necho \"SUCCESS\" > \"${SCRIPT_OUTPUT_FILE_0}\"\n";
			showEnvVarsInLog = 0;
		};
/* End PBXShellScriptBuildPhase section */

/* Begin PBXSourcesBuildPhase section */
		DEAD1EDF258279FF00C851D6 /* Sources */ = {
			isa = PBXSourcesBuildPhase;
			buildActionMask = 2147483647;
			files = (
				DEAD1EE7258279FF00C851D6 /* AppDelegate.swift in Sources */,
				DEE366FE25861A9C00AF5BCD /* Constants.swift in Sources */,
				DEE366E6258613AB00AF5BCD /* NetworkError.swift in Sources */,
				DEE366862585F29400AF5BCD /* TransactionListViewModel.swift in Sources */,
				DE32F74625865EAF008FA04D /* GetTransactionListResponse.swift in Sources */,
				DEE366BD2585FDB000AF5BCD /* TransactionTableVIewCell.swift in Sources */,
				DEAD1EF1258279FF00C851D6 /* iOSTechnicalTask.xcdatamodeld in Sources */,
				DEE366FA25861A6800AF5BCD /* GetTransactionListApi.swift in Sources */,
				DEAD1EE9258279FF00C851D6 /* SceneDelegate.swift in Sources */,
				DEE366822585F26E00AF5BCD /* TransactionListViewController.swift in Sources */,
				DEE366D325860AB100AF5BCD /* NetworkService.swift in Sources */,
				DEE366EB258615AD00AF5BCD /* Transaction.swift in Sources */,
			);
			runOnlyForDeploymentPostprocessing = 0;
		};
		DEAD1EF825827A0000C851D6 /* Sources */ = {
			isa = PBXSourcesBuildPhase;
			buildActionMask = 2147483647;
			files = (
				DE32F737258657FB008FA04D /* StubResponse.swift in Sources */,
				DE32F70F258624B8008FA04D /* GetTransactionListApiTest.swift in Sources */,
			);
			runOnlyForDeploymentPostprocessing = 0;
		};
/* End PBXSourcesBuildPhase section */

/* Begin PBXTargetDependency section */
		DEAD1EFE25827A0000C851D6 /* PBXTargetDependency */ = {
			isa = PBXTargetDependency;
			target = DEAD1EE2258279FF00C851D6 /* iOSTechnicalTask */;
			targetProxy = DEAD1EFD25827A0000C851D6 /* PBXContainerItemProxy */;
		};
/* End PBXTargetDependency section */

/* Begin PBXVariantGroup section */
		DEAD1EF425827A0000C851D6 /* LaunchScreen.storyboard */ = {
			isa = PBXVariantGroup;
			children = (
				DEAD1EF525827A0000C851D6 /* Base */,
			);
			name = LaunchScreen.storyboard;
			sourceTree = "<group>";
		};
/* End PBXVariantGroup section */

/* Begin XCBuildConfiguration section */
		DEAD1F0E25827A0000C851D6 /* Debug */ = {
			isa = XCBuildConfiguration;
			buildSettings = {
				ALWAYS_SEARCH_USER_PATHS = NO;
				CLANG_ANALYZER_NONNULL = YES;
				CLANG_ANALYZER_NUMBER_OBJECT_CONVERSION = YES_AGGRESSIVE;
				CLANG_CXX_LANGUAGE_STANDARD = "gnu++14";
				CLANG_CXX_LIBRARY = "libc++";
				CLANG_ENABLE_MODULES = YES;
				CLANG_ENABLE_OBJC_ARC = YES;
				CLANG_ENABLE_OBJC_WEAK = YES;
				CLANG_WARN_BLOCK_CAPTURE_AUTORELEASING = YES;
				CLANG_WARN_BOOL_CONVERSION = YES;
				CLANG_WARN_COMMA = YES;
				CLANG_WARN_CONSTANT_CONVERSION = YES;
				CLANG_WARN_DEPRECATED_OBJC_IMPLEMENTATIONS = YES;
				CLANG_WARN_DIRECT_OBJC_ISA_USAGE = YES_ERROR;
				CLANG_WARN_DOCUMENTATION_COMMENTS = YES;
				CLANG_WARN_EMPTY_BODY = YES;
				CLANG_WARN_ENUM_CONVERSION = YES;
				CLANG_WARN_INFINITE_RECURSION = YES;
				CLANG_WARN_INT_CONVERSION = YES;
				CLANG_WARN_NON_LITERAL_NULL_CONVERSION = YES;
				CLANG_WARN_OBJC_IMPLICIT_RETAIN_SELF = YES;
				CLANG_WARN_OBJC_LITERAL_CONVERSION = YES;
				CLANG_WARN_OBJC_ROOT_CLASS = YES_ERROR;
				CLANG_WARN_QUOTED_INCLUDE_IN_FRAMEWORK_HEADER = YES;
				CLANG_WARN_RANGE_LOOP_ANALYSIS = YES;
				CLANG_WARN_STRICT_PROTOTYPES = YES;
				CLANG_WARN_SUSPICIOUS_MOVE = YES;
				CLANG_WARN_UNGUARDED_AVAILABILITY = YES_AGGRESSIVE;
				CLANG_WARN_UNREACHABLE_CODE = YES;
				CLANG_WARN__DUPLICATE_METHOD_MATCH = YES;
				COPY_PHASE_STRIP = NO;
				DEBUG_INFORMATION_FORMAT = dwarf;
				ENABLE_STRICT_OBJC_MSGSEND = YES;
				ENABLE_TESTABILITY = YES;
				GCC_C_LANGUAGE_STANDARD = gnu11;
				GCC_DYNAMIC_NO_PIC = NO;
				GCC_NO_COMMON_BLOCKS = YES;
				GCC_OPTIMIZATION_LEVEL = 0;
				GCC_PREPROCESSOR_DEFINITIONS = (
					"DEBUG=1",
					"$(inherited)",
				);
				GCC_WARN_64_TO_32_BIT_CONVERSION = YES;
				GCC_WARN_ABOUT_RETURN_TYPE = YES_ERROR;
				GCC_WARN_UNDECLARED_SELECTOR = YES;
				GCC_WARN_UNINITIALIZED_AUTOS = YES_AGGRESSIVE;
				GCC_WARN_UNUSED_FUNCTION = YES;
				GCC_WARN_UNUSED_VARIABLE = YES;
				IPHONEOS_DEPLOYMENT_TARGET = 14.2;
				MTL_ENABLE_DEBUG_INFO = INCLUDE_SOURCE;
				MTL_FAST_MATH = YES;
				ONLY_ACTIVE_ARCH = YES;
				SDKROOT = iphoneos;
				SWIFT_ACTIVE_COMPILATION_CONDITIONS = DEBUG;
				SWIFT_OPTIMIZATION_LEVEL = "-Onone";
			};
			name = Debug;
		};
		DEAD1F0F25827A0000C851D6 /* Release */ = {
			isa = XCBuildConfiguration;
			buildSettings = {
				ALWAYS_SEARCH_USER_PATHS = NO;
				CLANG_ANALYZER_NONNULL = YES;
				CLANG_ANALYZER_NUMBER_OBJECT_CONVERSION = YES_AGGRESSIVE;
				CLANG_CXX_LANGUAGE_STANDARD = "gnu++14";
				CLANG_CXX_LIBRARY = "libc++";
				CLANG_ENABLE_MODULES = YES;
				CLANG_ENABLE_OBJC_ARC = YES;
				CLANG_ENABLE_OBJC_WEAK = YES;
				CLANG_WARN_BLOCK_CAPTURE_AUTORELEASING = YES;
				CLANG_WARN_BOOL_CONVERSION = YES;
				CLANG_WARN_COMMA = YES;
				CLANG_WARN_CONSTANT_CONVERSION = YES;
				CLANG_WARN_DEPRECATED_OBJC_IMPLEMENTATIONS = YES;
				CLANG_WARN_DIRECT_OBJC_ISA_USAGE = YES_ERROR;
				CLANG_WARN_DOCUMENTATION_COMMENTS = YES;
				CLANG_WARN_EMPTY_BODY = YES;
				CLANG_WARN_ENUM_CONVERSION = YES;
				CLANG_WARN_INFINITE_RECURSION = YES;
				CLANG_WARN_INT_CONVERSION = YES;
				CLANG_WARN_NON_LITERAL_NULL_CONVERSION = YES;
				CLANG_WARN_OBJC_IMPLICIT_RETAIN_SELF = YES;
				CLANG_WARN_OBJC_LITERAL_CONVERSION = YES;
				CLANG_WARN_OBJC_ROOT_CLASS = YES_ERROR;
				CLANG_WARN_QUOTED_INCLUDE_IN_FRAMEWORK_HEADER = YES;
				CLANG_WARN_RANGE_LOOP_ANALYSIS = YES;
				CLANG_WARN_STRICT_PROTOTYPES = YES;
				CLANG_WARN_SUSPICIOUS_MOVE = YES;
				CLANG_WARN_UNGUARDED_AVAILABILITY = YES_AGGRESSIVE;
				CLANG_WARN_UNREACHABLE_CODE = YES;
				CLANG_WARN__DUPLICATE_METHOD_MATCH = YES;
				COPY_PHASE_STRIP = NO;
				DEBUG_INFORMATION_FORMAT = "dwarf-with-dsym";
				ENABLE_NS_ASSERTIONS = NO;
				ENABLE_STRICT_OBJC_MSGSEND = YES;
				GCC_C_LANGUAGE_STANDARD = gnu11;
				GCC_NO_COMMON_BLOCKS = YES;
				GCC_WARN_64_TO_32_BIT_CONVERSION = YES;
				GCC_WARN_ABOUT_RETURN_TYPE = YES_ERROR;
				GCC_WARN_UNDECLARED_SELECTOR = YES;
				GCC_WARN_UNINITIALIZED_AUTOS = YES_AGGRESSIVE;
				GCC_WARN_UNUSED_FUNCTION = YES;
				GCC_WARN_UNUSED_VARIABLE = YES;
				IPHONEOS_DEPLOYMENT_TARGET = 14.2;
				MTL_ENABLE_DEBUG_INFO = NO;
				MTL_FAST_MATH = YES;
				SDKROOT = iphoneos;
				SWIFT_COMPILATION_MODE = wholemodule;
				SWIFT_OPTIMIZATION_LEVEL = "-O";
				VALIDATE_PRODUCT = YES;
			};
			name = Release;
		};
		DEAD1F1125827A0000C851D6 /* Debug */ = {
			isa = XCBuildConfiguration;
			baseConfigurationReference = C87418E0DB64119148E98022 /* Pods-iOSTechnicalTask.debug.xcconfig */;
			buildSettings = {
				ASSETCATALOG_COMPILER_APPICON_NAME = AppIcon;
				ASSETCATALOG_COMPILER_GLOBAL_ACCENT_COLOR_NAME = AccentColor;
				CODE_SIGN_STYLE = Automatic;
				INFOPLIST_FILE = iOSTechnicalTask/Info.plist;
				LD_RUNPATH_SEARCH_PATHS = (
					"$(inherited)",
					"@executable_path/Frameworks",
				);
				PRODUCT_BUNDLE_IDENTIFIER = com.yorkcoding.iOSTechnicalTask;
				PRODUCT_NAME = "$(TARGET_NAME)";
				SWIFT_VERSION = 5.0;
				TARGETED_DEVICE_FAMILY = 1;
			};
			name = Debug;
		};
		DEAD1F1225827A0000C851D6 /* Release */ = {
			isa = XCBuildConfiguration;
			baseConfigurationReference = 2E7130596677B925EA7DC250 /* Pods-iOSTechnicalTask.release.xcconfig */;
			buildSettings = {
				ASSETCATALOG_COMPILER_APPICON_NAME = AppIcon;
				ASSETCATALOG_COMPILER_GLOBAL_ACCENT_COLOR_NAME = AccentColor;
				CODE_SIGN_STYLE = Automatic;
				INFOPLIST_FILE = iOSTechnicalTask/Info.plist;
				LD_RUNPATH_SEARCH_PATHS = (
					"$(inherited)",
					"@executable_path/Frameworks",
				);
				PRODUCT_BUNDLE_IDENTIFIER = com.yorkcoding.iOSTechnicalTask;
				PRODUCT_NAME = "$(TARGET_NAME)";
				SWIFT_VERSION = 5.0;
				TARGETED_DEVICE_FAMILY = 1;
			};
			name = Release;
		};
		DEAD1F1425827A0000C851D6 /* Debug */ = {
			isa = XCBuildConfiguration;
			baseConfigurationReference = F8F31C8BC076EAF93734F422 /* Pods-iOSTechnicalTaskTests.debug.xcconfig */;
			buildSettings = {
				BUNDLE_LOADER = "$(TEST_HOST)";
				CLANG_ENABLE_MODULES = YES;
				CODE_SIGN_STYLE = Automatic;
				INFOPLIST_FILE = iOSTechnicalTaskTests/Info.plist;
				IPHONEOS_DEPLOYMENT_TARGET = 14.2;
				LD_RUNPATH_SEARCH_PATHS = (
					"$(inherited)",
					"@executable_path/Frameworks",
					"@loader_path/Frameworks",
				);
				PRODUCT_BUNDLE_IDENTIFIER = com.yorkcoding.iOSTechnicalTaskTests;
				PRODUCT_NAME = "$(TARGET_NAME)";
				SWIFT_OPTIMIZATION_LEVEL = "-Onone";
				SWIFT_VERSION = 5.0;
				TARGETED_DEVICE_FAMILY = "1,2";
				TEST_HOST = "$(BUILT_PRODUCTS_DIR)/iOSTechnicalTask.app/iOSTechnicalTask";
			};
			name = Debug;
		};
		DEAD1F1525827A0000C851D6 /* Release */ = {
			isa = XCBuildConfiguration;
			baseConfigurationReference = 95C2A829BB16966FE2E40534 /* Pods-iOSTechnicalTaskTests.release.xcconfig */;
			buildSettings = {
				BUNDLE_LOADER = "$(TEST_HOST)";
				CLANG_ENABLE_MODULES = YES;
				CODE_SIGN_STYLE = Automatic;
				INFOPLIST_FILE = iOSTechnicalTaskTests/Info.plist;
				IPHONEOS_DEPLOYMENT_TARGET = 14.2;
				LD_RUNPATH_SEARCH_PATHS = (
					"$(inherited)",
					"@executable_path/Frameworks",
					"@loader_path/Frameworks",
				);
				PRODUCT_BUNDLE_IDENTIFIER = com.yorkcoding.iOSTechnicalTaskTests;
				PRODUCT_NAME = "$(TARGET_NAME)";
				SWIFT_VERSION = 5.0;
				TARGETED_DEVICE_FAMILY = "1,2";
				TEST_HOST = "$(BUILT_PRODUCTS_DIR)/iOSTechnicalTask.app/iOSTechnicalTask";
			};
			name = Release;
		};
/* End XCBuildConfiguration section */

/* Begin XCConfigurationList section */
		DEAD1EDE258279FE00C851D6 /* Build configuration list for PBXProject "iOSTechnicalTask" */ = {
			isa = XCConfigurationList;
			buildConfigurations = (
				DEAD1F0E25827A0000C851D6 /* Debug */,
				DEAD1F0F25827A0000C851D6 /* Release */,
			);
			defaultConfigurationIsVisible = 0;
			defaultConfigurationName = Release;
		};
		DEAD1F1025827A0000C851D6 /* Build configuration list for PBXNativeTarget "iOSTechnicalTask" */ = {
			isa = XCConfigurationList;
			buildConfigurations = (
				DEAD1F1125827A0000C851D6 /* Debug */,
				DEAD1F1225827A0000C851D6 /* Release */,
			);
			defaultConfigurationIsVisible = 0;
			defaultConfigurationName = Release;
		};
		DEAD1F1325827A0000C851D6 /* Build configuration list for PBXNativeTarget "iOSTechnicalTaskTests" */ = {
			isa = XCConfigurationList;
			buildConfigurations = (
				DEAD1F1425827A0000C851D6 /* Debug */,
				DEAD1F1525827A0000C851D6 /* Release */,
			);
			defaultConfigurationIsVisible = 0;
			defaultConfigurationName = Release;
		};
/* End XCConfigurationList section */

/* Begin XCVersionGroup section */
		DEAD1EEF258279FF00C851D6 /* iOSTechnicalTask.xcdatamodeld */ = {
			isa = XCVersionGroup;
			children = (
				DEAD1EF0258279FF00C851D6 /* iOSTechnicalTask.xcdatamodel */,
			);
			currentVersion = DEAD1EF0258279FF00C851D6 /* iOSTechnicalTask.xcdatamodel */;
			path = iOSTechnicalTask.xcdatamodeld;
			sourceTree = "<group>";
			versionGroupType = wrapper.xcdatamodel;
		};
/* End XCVersionGroup section */
	};
	rootObject = DEAD1EDB258279FE00C851D6 /* Project object */;
}
